// !$*UTF8*$!
{
	archiveVersion = 1;
	classes = {
	};
	objectVersion = 48;
	objects = {

/* Begin PBXBuildFile section */
		678896B81F4513E100C42DFC /* BModels.framework in Frameworks */ = {isa = PBXBuildFile; fileRef = 678896B71F4513E100C42DFC /* BModels.framework */; };
		67DE8D941F33FB6600B90890 /* AppDelegate.swift in Sources */ = {isa = PBXBuildFile; fileRef = 67DE8D931F33FB6600B90890 /* AppDelegate.swift */; };
		67DE8D961F33FB6600B90890 /* ViewController.swift in Sources */ = {isa = PBXBuildFile; fileRef = 67DE8D951F33FB6600B90890 /* ViewController.swift */; };
		67DE8D991F33FB6600B90890 /* Main.storyboard in Resources */ = {isa = PBXBuildFile; fileRef = 67DE8D971F33FB6600B90890 /* Main.storyboard */; };
		67DE8D9B1F33FB6600B90890 /* Assets.xcassets in Resources */ = {isa = PBXBuildFile; fileRef = 67DE8D9A1F33FB6600B90890 /* Assets.xcassets */; };
		67DE8D9E1F33FB6600B90890 /* LaunchScreen.storyboard in Resources */ = {isa = PBXBuildFile; fileRef = 67DE8D9C1F33FB6600B90890 /* LaunchScreen.storyboard */; };
/* End PBXBuildFile section */

/* Begin PBXCopyFilesBuildPhase section */
		67DE8DC81F33FCA400B90890 /* Embed Frameworks */ = {
			isa = PBXCopyFilesBuildPhase;
			buildActionMask = 2147483647;
			dstPath = "";
			dstSubfolderSpec = 10;
			files = (
			);
			name = "Embed Frameworks";
			runOnlyForDeploymentPostprocessing = 0;
		};
/* End PBXCopyFilesBuildPhase section */

/* Begin PBXFileReference section */
		678896B71F4513E100C42DFC /* BModels.framework */ = {isa = PBXFileReference; lastKnownFileType = wrapper.framework; name = BModels.framework; path = "../../FrameworksOnly/BFrameworks/build/Debug-iphoneos/BModels.framework"; sourceTree = "<group>"; };
		67DE8D901F33FB6600B90890 /* TopTen.app */ = {isa = PBXFileReference; explicitFileType = wrapper.application; includeInIndex = 0; path = TopTen.app; sourceTree = BUILT_PRODUCTS_DIR; };
		67DE8D931F33FB6600B90890 /* AppDelegate.swift */ = {isa = PBXFileReference; lastKnownFileType = sourcecode.swift; path = AppDelegate.swift; sourceTree = "<group>"; };
		67DE8D951F33FB6600B90890 /* ViewController.swift */ = {isa = PBXFileReference; lastKnownFileType = sourcecode.swift; path = ViewController.swift; sourceTree = "<group>"; };
		67DE8D981F33FB6600B90890 /* Base */ = {isa = PBXFileReference; lastKnownFileType = file.storyboard; name = Base; path = Base.lproj/Main.storyboard; sourceTree = "<group>"; };
		67DE8D9A1F33FB6600B90890 /* Assets.xcassets */ = {isa = PBXFileReference; lastKnownFileType = folder.assetcatalog; path = Assets.xcassets; sourceTree = "<group>"; };
		67DE8D9D1F33FB6600B90890 /* Base */ = {isa = PBXFileReference; lastKnownFileType = file.storyboard; name = Base; path = Base.lproj/LaunchScreen.storyboard; sourceTree = "<group>"; };
		67DE8D9F1F33FB6600B90890 /* Info.plist */ = {isa = PBXFileReference; lastKnownFileType = text.plist.xml; path = Info.plist; sourceTree = "<group>"; };
/* End PBXFileReference section */

/* Begin PBXFrameworksBuildPhase section */
		67DE8D8D1F33FB6600B90890 /* Frameworks */ = {
			isa = PBXFrameworksBuildPhase;
			buildActionMask = 2147483647;
			files = (
				678896B81F4513E100C42DFC /* BModels.framework in Frameworks */,
			);
			runOnlyForDeploymentPostprocessing = 0;
		};
/* End PBXFrameworksBuildPhase section */

/* Begin PBXGroup section */
		678896B61F4513DE00C42DFC /* Frameworks */ = {
			isa = PBXGroup;
			children = (
				678896B71F4513E100C42DFC /* BModels.framework */,
			);
			name = Frameworks;
			sourceTree = "<group>";
		};
		67DE8D871F33FB6600B90890 = {
			isa = PBXGroup;
			children = (
				67DE8D921F33FB6600B90890 /* TopTen */,
				67DE8D911F33FB6600B90890 /* Products */,
				678896B61F4513DE00C42DFC /* Frameworks */,
			);
			sourceTree = "<group>";
		};
		67DE8D911F33FB6600B90890 /* Products */ = {
			isa = PBXGroup;
			children = (
				67DE8D901F33FB6600B90890 /* TopTen.app */,
			);
			name = Products;
			sourceTree = "<group>";
		};
		67DE8D921F33FB6600B90890 /* TopTen */ = {
			isa = PBXGroup;
			children = (
				67DE8D931F33FB6600B90890 /* AppDelegate.swift */,
				67DE8D951F33FB6600B90890 /* ViewController.swift */,
				67DE8D971F33FB6600B90890 /* Main.storyboard */,
				67DE8D9A1F33FB6600B90890 /* Assets.xcassets */,
				67DE8D9C1F33FB6600B90890 /* LaunchScreen.storyboard */,
				67DE8D9F1F33FB6600B90890 /* Info.plist */,
			);
			path = TopTen;
			sourceTree = "<group>";
		};
/* End PBXGroup section */

/* Begin PBXNativeTarget section */
		67DE8D8F1F33FB6600B90890 /* TopTen */ = {
			isa = PBXNativeTarget;
			buildConfigurationList = 67DE8DA21F33FB6600B90890 /* Build configuration list for PBXNativeTarget "TopTen" */;
			buildPhases = (
				67DE8D8C1F33FB6600B90890 /* Sources */,
				67DE8D8D1F33FB6600B90890 /* Frameworks */,
				67DE8D8E1F33FB6600B90890 /* Resources */,
				67DE8DC81F33FCA400B90890 /* Embed Frameworks */,
			);
			buildRules = (
			);
			dependencies = (
			);
			name = TopTen;
			productName = TopTen;
			productReference = 67DE8D901F33FB6600B90890 /* TopTen.app */;
			productType = "com.apple.product-type.application";
		};
/* End PBXNativeTarget section */

/* Begin PBXProject section */
		67DE8D881F33FB6600B90890 /* Project object */ = {
			isa = PBXProject;
			attributes = {
				LastSwiftUpdateCheck = 0900;
				LastUpgradeCheck = 0900;
				ORGANIZATIONNAME = isBSO;
				TargetAttributes = {
					67DE8D8F1F33FB6600B90890 = {
						CreatedOnToolsVersion = 9.0;
					};
				};
			};
			buildConfigurationList = 67DE8D8B1F33FB6600B90890 /* Build configuration list for PBXProject "TopTen" */;
			compatibilityVersion = "Xcode 8.0";
			developmentRegion = en;
			hasScannedForEncodings = 0;
			knownRegions = (
				en,
				Base,
			);
			mainGroup = 67DE8D871F33FB6600B90890;
			productRefGroup = 67DE8D911F33FB6600B90890 /* Products */;
			projectDirPath = "";
			projectRoot = "";
			targets = (
				67DE8D8F1F33FB6600B90890 /* TopTen */,
			);
		};
/* End PBXProject section */

/* Begin PBXResourcesBuildPhase section */
		67DE8D8E1F33FB6600B90890 /* Resources */ = {
			isa = PBXResourcesBuildPhase;
			buildActionMask = 2147483647;
			files = (
				67DE8D9E1F33FB6600B90890 /* LaunchScreen.storyboard in Resources */,
				67DE8D9B1F33FB6600B90890 /* Assets.xcassets in Resources */,
				67DE8D991F33FB6600B90890 /* Main.storyboard in Resources */,
			);
			runOnlyForDeploymentPostprocessing = 0;
		};
/* End PBXResourcesBuildPhase section */

/* Begin PBXSourcesBuildPhase section */
		67DE8D8C1F33FB6600B90890 /* Sources */ = {
			isa = PBXSourcesBuildPhase;
			buildActionMask = 2147483647;
			files = (
				67DE8D961F33FB6600B90890 /* ViewController.swift in Sources */,
				67DE8D941F33FB6600B90890 /* AppDelegate.swift in Sources */,
			);
			runOnlyForDeploymentPostprocessing = 0;
		};
/* End PBXSourcesBuildPhase section */

/* Begin PBXVariantGroup section */
		67DE8D971F33FB6600B90890 /* Main.storyboard */ = {
			isa = PBXVariantGroup;
			children = (
				67DE8D981F33FB6600B90890 /* Base */,
			);
			name = Main.storyboard;
			sourceTree = "<group>";
		};
		67DE8D9C1F33FB6600B90890 /* LaunchScreen.storyboard */ = {
			isa = PBXVariantGroup;
			children = (
				67DE8D9D1F33FB6600B90890 /* Base */,
			);
			name = LaunchScreen.storyboard;
			sourceTree = "<group>";
		};
/* End PBXVariantGroup section */

/* Begin XCBuildConfiguration section */
		67DE8DA01F33FB6600B90890 /* Debug */ = {
			isa = XCBuildConfiguration;
			buildSettings = {
				ALWAYS_SEARCH_USER_PATHS = NO;
				CLANG_ANALYZER_NONNULL = YES;
				CLANG_ANALYZER_NUMBER_OBJECT_CONVERSION = YES_AGGRESSIVE;
				CLANG_CXX_LANGUAGE_STANDARD = "gnu++14";
				CLANG_CXX_LIBRARY = "libc++";
				CLANG_ENABLE_MODULES = YES;
				CLANG_ENABLE_OBJC_ARC = YES;
				CLANG_WARN_BLOCK_CAPTURE_AUTORELEASING = YES;
				CLANG_WARN_BOOL_CONVERSION = YES;
				CLANG_WARN_COMMA = YES;
				CLANG_WARN_CONSTANT_CONVERSION = YES;
				CLANG_WARN_DIRECT_OBJC_ISA_USAGE = YES_ERROR;
				CLANG_WARN_DOCUMENTATION_COMMENTS = YES;
				CLANG_WARN_EMPTY_BODY = YES;
				CLANG_WARN_ENUM_CONVERSION = YES;
				CLANG_WARN_INFINITE_RECURSION = YES;
				CLANG_WARN_INT_CONVERSION = YES;
				CLANG_WARN_OBJC_ROOT_CLASS = YES_ERROR;
				CLANG_WARN_RANGE_LOOP_ANALYSIS = YES;
				CLANG_WARN_STRICT_PROTOTYPES = YES;
				CLANG_WARN_SUSPICIOUS_MOVE = YES;
				CLANG_WARN_UNGUARDED_AVAILABILITY = YES_AGGRESSIVE;
				CLANG_WARN_UNREACHABLE_CODE = YES;
				CLANG_WARN__DUPLICATE_METHOD_MATCH = YES;
				CODE_SIGN_IDENTITY = "iPhone Developer";
				COPY_PHASE_STRIP = NO;
				DEBUG_INFORMATION_FORMAT = dwarf;
				ENABLE_STRICT_OBJC_MSGSEND = YES;
				ENABLE_TESTABILITY = YES;
				GCC_C_LANGUAGE_STANDARD = gnu11;
				GCC_DYNAMIC_NO_PIC = NO;
				GCC_NO_COMMON_BLOCKS = YES;
				GCC_OPTIMIZATION_LEVEL = 0;
				GCC_PREPROCESSOR_DEFINITIONS = (
					"DEBUG=1",
					"$(inherited)",
				);
				GCC_WARN_64_TO_32_BIT_CONVERSION = YES;
				GCC_WARN_ABOUT_RETURN_TYPE = YES_ERROR;
				GCC_WARN_UNDECLARED_SELECTOR = YES;
				GCC_WARN_UNINITIALIZED_AUTOS = YES_AGGRESSIVE;
				GCC_WARN_UNUSED_FUNCTION = YES;
				GCC_WARN_UNUSED_VARIABLE = YES;
				IPHONEOS_DEPLOYMENT_TARGET = 11.0;
				MTL_ENABLE_DEBUG_INFO = YES;
				ONLY_ACTIVE_ARCH = YES;
				SDKROOT = iphoneos;
				SWIFT_ACTIVE_COMPILATION_CONDITIONS = DEBUG;
				SWIFT_OPTIMIZATION_LEVEL = "-Onone";
			};
			name = Debug;
		};
		67DE8DA11F33FB6600B90890 /* Release */ = {
			isa = XCBuildConfiguration;
			buildSettings = {
				ALWAYS_SEARCH_USER_PATHS = NO;
				CLANG_ANALYZER_NONNULL = YES;
				CLANG_ANALYZER_NUMBER_OBJECT_CONVERSION = YES_AGGRESSIVE;
				CLANG_CXX_LANGUAGE_STANDARD = "gnu++14";
				CLANG_CXX_LIBRARY = "libc++";
				CLANG_ENABLE_MODULES = YES;
				CLANG_ENABLE_OBJC_ARC = YES;
				CLANG_WARN_BLOCK_CAPTURE_AUTORELEASING = YES;
				CLANG_WARN_BOOL_CONVERSION = YES;
				CLANG_WARN_COMMA = YES;
				CLANG_WARN_CONSTANT_CONVERSION = YES;
				CLANG_WARN_DIRECT_OBJC_ISA_USAGE = YES_ERROR;
				CLANG_WARN_DOCUMENTATION_COMMENTS = YES;
				CLANG_WARN_EMPTY_BODY = YES;
				CLANG_WARN_ENUM_CONVERSION = YES;
				CLANG_WARN_INFINITE_RECURSION = YES;
				CLANG_WARN_INT_CONVERSION = YES;
				CLANG_WARN_OBJC_ROOT_CLASS = YES_ERROR;
				CLANG_WARN_RANGE_LOOP_ANALYSIS = YES;
				CLANG_WARN_STRICT_PROTOTYPES = YES;
				CLANG_WARN_SUSPICIOUS_MOVE = YES;
				CLANG_WARN_UNGUARDED_AVAILABILITY = YES_AGGRESSIVE;
				CLANG_WARN_UNREACHABLE_CODE = YES;
				CLANG_WARN__DUPLICATE_METHOD_MATCH = YES;
				CODE_SIGN_IDENTITY = "iPhone Developer";
				COPY_PHASE_STRIP = NO;
				DEBUG_INFORMATION_FORMAT = "dwarf-with-dsym";
				ENABLE_NS_ASSERTIONS = NO;
				ENABLE_STRICT_OBJC_MSGSEND = YES;
				GCC_C_LANGUAGE_STANDARD = gnu11;
				GCC_NO_COMMON_BLOCKS = YES;
				GCC_WARN_64_TO_32_BIT_CONVERSION = YES;
				GCC_WARN_ABOUT_RETURN_TYPE = YES_ERROR;
				GCC_WARN_UNDECLARED_SELECTOR = YES;
				GCC_WARN_UNINITIALIZED_AUTOS = YES_AGGRESSIVE;
				GCC_WARN_UNUSED_FUNCTION = YES;
				GCC_WARN_UNUSED_VARIABLE = YES;
				IPHONEOS_DEPLOYMENT_TARGET = 11.0;
				MTL_ENABLE_DEBUG_INFO = NO;
				SDKROOT = iphoneos;
				SWIFT_OPTIMIZATION_LEVEL = "-Owholemodule";
				VALIDATE_PRODUCT = YES;
			};
			name = Release;
		};
		67DE8DA31F33FB6600B90890 /* Debug */ = {
			isa = XCBuildConfiguration;
			buildSettings = {
				ALWAYS_EMBED_SWIFT_STANDARD_LIBRARIES = YES;
				ASSETCATALOG_COMPILER_APPICON_NAME = AppIcon;
				DEVELOPMENT_TEAM = 86J3LT48Q3;
				INFOPLIST_FILE = TopTen/Info.plist;
				IPHONEOS_DEPLOYMENT_TARGET = 11.0;
				LD_RUNPATH_SEARCH_PATHS = "$(inherited) @executable_path/Frameworks";
				PRODUCT_BUNDLE_IDENTIFIER = com.isBSO.TopTen;
				PRODUCT_NAME = "$(TARGET_NAME)";
				SWIFT_VERSION = 4.0;
				TARGETED_DEVICE_FAMILY = "1,2";
			};
			name = Debug;
		};
		67DE8DA41F33FB6600B90890 /* Release */ = {
			isa = XCBuildConfiguration;
			buildSettings = {
				ALWAYS_EMBED_SWIFT_STANDARD_LIBRARIES = YES;
				ASSETCATALOG_COMPILER_APPICON_NAME = AppIcon;
				DEVELOPMENT_TEAM = 86J3LT48Q3;
				INFOPLIST_FILE = TopTen/Info.plist;
				IPHONEOS_DEPLOYMENT_TARGET = 11.0;
				LD_RUNPATH_SEARCH_PATHS = "$(inherited) @executable_path/Frameworks";
				PRODUCT_BUNDLE_IDENTIFIER = com.isBSO.TopTen;
				PRODUCT_NAME = "$(TARGET_NAME)";
				SWIFT_VERSION = 4.0;
				TARGETED_DEVICE_FAMILY = "1,2";
			};
			name = Release;
		};
/* End XCBuildConfiguration section */

/* Begin XCConfigurationList section */
		67DE8D8B1F33FB6600B90890 /* Build configuration list for PBXProject "TopTen" */ = {
			isa = XCConfigurationList;
			buildConfigurations = (
				67DE8DA01F33FB6600B90890 /* Debug */,
				67DE8DA11F33FB6600B90890 /* Release */,
			);
			defaultConfigurationIsVisible = 0;
			defaultConfigurationName = Release;
		};
		67DE8DA21F33FB6600B90890 /* Build configuration list for PBXNativeTarget "TopTen" */ = {
			isa = XCConfigurationList;
			buildConfigurations = (
				67DE8DA31F33FB6600B90890 /* Debug */,
				67DE8DA41F33FB6600B90890 /* Release */,
			);
			defaultConfigurationIsVisible = 0;
			defaultConfigurationName = Release;
		};
/* End XCConfigurationList section */
	};
	rootObject = 67DE8D881F33FB6600B90890 /* Project object */;
}
